{
  "name": "npm-test",
  "version": "1.0.0",
  "lockfileVersion": 3,
  "requires": true,
  "packages": {
    "": {
      "name": "npm-test",
      "version": "1.0.0",
      "license": "ISC",
      "devDependencies": {
        "mathlifier": "^2.0.2"
      }
    },
    "node_modules/@djot/djot": {
      "version": "0.3.1",
      "resolved": "https://registry.npmjs.org/@djot/djot/-/djot-0.3.1.tgz",
      "integrity": "sha512-jFYDPI8xLo7lz4V28ZaGRW+0E6lhRPijxNEb6Dj00Vo8twCd4Yb0A7Fug8clYTe1Le2ghl/uUcKGGTsN/avmHA==",
      "dev": true,
      "license": "MIT",
      "bin": {
        "djot": "lib/cli.js"
      },
      "engines": {
        "node": ">=17.0.0"
      }
    },
    "node_modules/mathlifier": {
      "version": "2.0.2",
      "resolved": "https://registry.npmjs.org/mathlifier/-/mathlifier-2.0.2.tgz",
      "integrity": "sha512-75VUQqY5bTaqASVhBXws8A1J2BSoyN4XTbRuLfGXVoxtE4oegrKZlGErdXMMeP/leAkkS5epkIS24aNuHb56Gg==",
      "dev": true,
      "dependencies": {
        "@djot/djot": "^0.3.1",
        "temml": "^0.10.29"
      }
    },
    "node_modules/temml": {
      "version": "0.10.29",
      "resolved": "https://registry.npmjs.org/temml/-/temml-0.10.29.tgz",
      "integrity": "sha512-JOEYGXYrkXofjzqIU7TcyJXz3Jt1xyIZCCc3OIzkcYdMabdFos7XfedWshdaaSCAQKrNXzf0qejIRZ6Q+x4Hmg==",
      "dev": true,
      "license": "MIT",
      "engines": {
        "node": ">=18.13.0"
      }
    }
  }
}
